
Microsoft Visual Studio Solution File, Format Version 12.00
# Visual Studio Version 17
VisualStudioVersion = 17.0.31912.275
MinimumVisualStudioVersion = 10.0.40219.1
Project("{8BC9CEB8-8B4A-11D0-8D11-00A0C91BC942}") = "LinkedList", "LinkedList\LinkedList.vcxproj", "{72A04A43-F33F-457E-8A95-7BE17105AF9C}"
EndProject
Global
	GlobalSection(SolutionConfigurationPlatforms) = preSolution
		Debug|x64 = Debug|x64
		Debug|x86 = Debug|x86
		Release|x64 = Release|x64
		Release|x86 = Release|x86
	EndGlobalSection
	GlobalSection(ProjectConfigurationPlatforms) = postSolution
		{72A04A43-F33F-457E-8A95-7BE17105AF9C}.Debug|x64.ActiveCfg = Debug|x64
		{72A04A43-F33F-457E-8A95-7BE17105AF9C}.Debug|x64.Build.0 = Debug|x64
		{72A04A43-F33F-457E-8A95-7BE17105AF9C}.Debug|x86.ActiveCfg = Debug|Win32
		{72A04A43-F33F-457E-8A95-7BE17105AF9C}.Debug|x86.Build.0 = Debug|Win32
		{72A04A43-F33F-457E-8A95-7BE17105AF9C}.Release|x64.ActiveCfg = Release|x64
		{72A04A43-F33F-457E-8A95-7BE17105AF9C}.Release|x64.Build.0 = Release|x64
		{72A04A43-F33F-457E-8A95-7BE17105AF9C}.Release|x86.ActiveCfg = Release|Win32
		{72A04A43-F33F-457E-8A95-7BE17105AF9C}.Release|x86.Build.0 = Release|Win32
	EndGlobalSection
	GlobalSection(SolutionProperties) = preSolution
		HideSolutionNode = FALSE
	EndGlobalSection
	GlobalSection(ExtensibilityGlobals) = postSolution
		SolutionGuid = {FCBBA334-A6CD-40A1-98F8-7B2BF12CA56F}
	EndGlobalSection
EndGlobal
